# THIS IS AN AUTOGENERATED FILE. DO NOT EDIT THIS FILE DIRECTLY.
# yarn lockfile v1


rpi-wifi-connection@^1.0.17:
  version "1.0.17"
  resolved "https://registry.yarnpkg.com/rpi-wifi-connection/-/rpi-wifi-connection-1.0.17.tgz#603a74dac27e942f46d83cc476a5654bd918e3f6"
  integrity sha512-4Z9fbNNb+3bbmq4MjRcRUl6rbXPVkpuAwCZoN4XwZ5yZ5DNJGDzEaCeNC9l1Dzj90LL5Q5e5VBdK2pdRK3JVtg==
  dependencies:
    sprintf-js "^1.0.3"

sprintf-js@^1.0.3:
  version "1.1.2"
  resolved "https://registry.yarnpkg.com/sprintf-js/-/sprintf-js-1.1.2.tgz#da1765262bf8c0f571749f2ad6c26300207ae673"
  integrity sha512-VE0SOVEHCk7Qc8ulkWw3ntAzXuqf7S2lvwQaDLRnUeIEaKNQJzV6BwmLKhOqT61aGhfUMrXeaBk+oDGCzvhcug==
